
Microsoft Visual Studio Solution File, Format Version 12.00
# Visual Studio 15
VisualStudioVersion = 15.0.26730.16
MinimumVisualStudioVersion = 10.0.40219.1
Project("{FAE04EC0-301F-11D3-BF4B-00C04F79EFBC}") = "CSharp.Curry.Test", "CSharp.Curry.Test\CSharp.Curry.Test.csproj", "{87BB3A36-DFB3-4AB5-8387-B2AF89D96413}"
EndProject
Project("{FAE04EC0-301F-11D3-BF4B-00C04F79EFBC}") = "CSharp.Curry", "CSharp.Curry\CSharp.Curry.csproj", "{70B58937-42FC-4D50-9B44-A857449AF2D4}"
EndProject
Global
	GlobalSection(SolutionConfigurationPlatforms) = preSolution
		Debug|Any CPU = Debug|Any CPU
		Release|Any CPU = Release|Any CPU
	EndGlobalSection
	GlobalSection(ProjectConfigurationPlatforms) = postSolution
		{87BB3A36-DFB3-4AB5-8387-B2AF89D96413}.Debug|Any CPU.ActiveCfg = Debug|Any CPU
		{87BB3A36-DFB3-4AB5-8387-B2AF89D96413}.Debug|Any CPU.Build.0 = Debug|Any CPU
		{87BB3A36-DFB3-4AB5-8387-B2AF89D96413}.Release|Any CPU.ActiveCfg = Release|Any CPU
		{87BB3A36-DFB3-4AB5-8387-B2AF89D96413}.Release|Any CPU.Build.0 = Release|Any CPU
		{70B58937-42FC-4D50-9B44-A857449AF2D4}.Debug|Any CPU.ActiveCfg = Debug|Any CPU
		{70B58937-42FC-4D50-9B44-A857449AF2D4}.Debug|Any CPU.Build.0 = Debug|Any CPU
		{70B58937-42FC-4D50-9B44-A857449AF2D4}.Release|Any CPU.ActiveCfg = Release|Any CPU
		{70B58937-42FC-4D50-9B44-A857449AF2D4}.Release|Any CPU.Build.0 = Release|Any CPU
	EndGlobalSection
	GlobalSection(SolutionProperties) = preSolution
		HideSolutionNode = FALSE
	EndGlobalSection
	GlobalSection(ExtensibilityGlobals) = postSolution
		SolutionGuid = {E2EFF5B4-97C5-471E-82A6-56A9FEA3AA8D}
	EndGlobalSection
EndGlobal
